
Microsoft Visual Studio Solution File, Format Version 12.00
# Visual Studio 15
VisualStudioVersion = 15.0.28010.2036
MinimumVisualStudioVersion = 10.0.40219.1
Project("{9A19103F-16F7-4668-BE54-9A1E7A4F7556}") = "Echo", "Echo\Echo.csproj", "{50927E04-925D-4F13-8F70-2F48A4218233}"
EndProject
Project("{FAE04EC0-301F-11D3-BF4B-00C04F79EFBC}") = "Echo.Test", "EchoTest\Echo.Test.csproj", "{B4EE094A-8EBC-4AA5-8775-66ECC5A33786}"
EndProject
Global
	GlobalSection(SolutionConfigurationPlatforms) = preSolution
		Debug|Any CPU = Debug|Any CPU
		Release|Any CPU = Release|Any CPU
	EndGlobalSection
	GlobalSection(ProjectConfigurationPlatforms) = postSolution
		{50927E04-925D-4F13-8F70-2F48A4218233}.Debug|Any CPU.ActiveCfg = Debug|Any CPU
		{50927E04-925D-4F13-8F70-2F48A4218233}.Debug|Any CPU.Build.0 = Debug|Any CPU
		{50927E04-925D-4F13-8F70-2F48A4218233}.Release|Any CPU.ActiveCfg = Release|Any CPU
		{50927E04-925D-4F13-8F70-2F48A4218233}.Release|Any CPU.Build.0 = Release|Any CPU
		{B4EE094A-8EBC-4AA5-8775-66ECC5A33786}.Debug|Any CPU.ActiveCfg = Debug|Any CPU
		{B4EE094A-8EBC-4AA5-8775-66ECC5A33786}.Debug|Any CPU.Build.0 = Debug|Any CPU
		{B4EE094A-8EBC-4AA5-8775-66ECC5A33786}.Release|Any CPU.ActiveCfg = Release|Any CPU
		{B4EE094A-8EBC-4AA5-8775-66ECC5A33786}.Release|Any CPU.Build.0 = Release|Any CPU
	EndGlobalSection
	GlobalSection(SolutionProperties) = preSolution
		HideSolutionNode = FALSE
	EndGlobalSection
	GlobalSection(ExtensibilityGlobals) = postSolution
		SolutionGuid = {CABCA70C-384B-45C6-BD58-90C41A1CA9B1}
	EndGlobalSection
EndGlobal
